
Microsoft Visual Studio Solution File, Format Version 12.00
# Visual Studio Version 17
VisualStudioVersion = 17.2.32519.379
MinimumVisualStudioVersion = 10.0.40219.1
Project("{FAE04EC0-301F-11D3-BF4B-00C04F79EFBC}") = "M01A04", "M01A04\M01A04.csproj", "{FB3A9828-9D67-45F8-AEB3-7E73771B6A03}"
EndProject
Project("{FAE04EC0-301F-11D3-BF4B-00C04F79EFBC}") = "M01A05A", "M01A05\M01A05A.csproj", "{D0B84818-78B6-4151-993E-03D0935BF10E}"
EndProject
Project("{FAE04EC0-301F-11D3-BF4B-00C04F79EFBC}") = "M01A05B", "M01A05B\M01A05B.csproj", "{D138D506-41C7-44B3-878A-03A7C8E89A4B}"
EndProject
Project("{FAE04EC0-301F-11D3-BF4B-00C04F79EFBC}") = "M01A06", "M01A06\M01A06.csproj", "{B167C41C-7975-4CE8-B18C-9811B501B47A}"
EndProject
Project("{FAE04EC0-301F-11D3-BF4B-00C04F79EFBC}") = "M01A07", "M01A07\M01A07.csproj", "{8DF9C6A0-DAEB-4FF4-A448-567F3C5E0D93}"
EndProject
Project("{FAE04EC0-301F-11D3-BF4B-00C04F79EFBC}") = "M01A08A", "M01A08\M01A08A.csproj", "{05710478-D6E0-4DA9-9CB5-981EFF53D895}"
EndProject
Project("{2150E333-8FDC-42A3-9474-1A3956D46DE8}") = "Solution Items", "Solution Items", "{FA76702E-D49D-4C0A-8387-DDB3CDF89788}"
	ProjectSection(SolutionItems) = preProject
		.editorconfig = .editorconfig
	EndProjectSection
EndProject
Project("{FAE04EC0-301F-11D3-BF4B-00C04F79EFBC}") = "M01A08B", "M01A08B\M01A08B.csproj", "{96A3DD00-0C00-474E-B1E5-B1B3C68BB2A5}"
EndProject
Project("{FAE04EC0-301F-11D3-BF4B-00C04F79EFBC}") = "M01A08C", "M01A08C\M01A08C.csproj", "{7460F133-EE5A-40CA-AEFA-84D2E756B79B}"
EndProject
Project("{FAE04EC0-301F-11D3-BF4B-00C04F79EFBC}") = "M01A08D", "M01A08D\M01A08D.csproj", "{A4292664-984A-44AF-896F-1EDEF5028BA0}"
EndProject
Project("{FAE04EC0-301F-11D3-BF4B-00C04F79EFBC}") = "M01A08E", "M01A08E\M01A08E.csproj", "{112AD881-6B23-47A4-B0C6-B0C84BB9B663}"
EndProject
Project("{FAE04EC0-301F-11D3-BF4B-00C04F79EFBC}") = "M01A08F", "M01A08F\M01A08F.csproj", "{7A5D651A-7ACD-4EE1-B3A1-139822282B35}"
EndProject
Project("{FAE04EC0-301F-11D3-BF4B-00C04F79EFBC}") = "M01A09", "M01A09\M01A09.csproj", "{9A2F5600-EF8E-4E49-90E5-FD6CDE928E8E}"
EndProject
Global
	GlobalSection(SolutionConfigurationPlatforms) = preSolution
		Debug|Any CPU = Debug|Any CPU
		Release|Any CPU = Release|Any CPU
	EndGlobalSection
	GlobalSection(ProjectConfigurationPlatforms) = postSolution
		{FB3A9828-9D67-45F8-AEB3-7E73771B6A03}.Debug|Any CPU.ActiveCfg = Debug|Any CPU
		{FB3A9828-9D67-45F8-AEB3-7E73771B6A03}.Debug|Any CPU.Build.0 = Debug|Any CPU
		{FB3A9828-9D67-45F8-AEB3-7E73771B6A03}.Release|Any CPU.ActiveCfg = Release|Any CPU
		{FB3A9828-9D67-45F8-AEB3-7E73771B6A03}.Release|Any CPU.Build.0 = Release|Any CPU
		{D0B84818-78B6-4151-993E-03D0935BF10E}.Debug|Any CPU.ActiveCfg = Debug|Any CPU
		{D0B84818-78B6-4151-993E-03D0935BF10E}.Debug|Any CPU.Build.0 = Debug|Any CPU
		{D0B84818-78B6-4151-993E-03D0935BF10E}.Release|Any CPU.ActiveCfg = Release|Any CPU
		{D0B84818-78B6-4151-993E-03D0935BF10E}.Release|Any CPU.Build.0 = Release|Any CPU
		{D138D506-41C7-44B3-878A-03A7C8E89A4B}.Debug|Any CPU.ActiveCfg = Debug|Any CPU
		{D138D506-41C7-44B3-878A-03A7C8E89A4B}.Debug|Any CPU.Build.0 = Debug|Any CPU
		{D138D506-41C7-44B3-878A-03A7C8E89A4B}.Release|Any CPU.ActiveCfg = Release|Any CPU
		{D138D506-41C7-44B3-878A-03A7C8E89A4B}.Release|Any CPU.Build.0 = Release|Any CPU
		{B167C41C-7975-4CE8-B18C-9811B501B47A}.Debug|Any CPU.ActiveCfg = Debug|Any CPU
		{B167C41C-7975-4CE8-B18C-9811B501B47A}.Debug|Any CPU.Build.0 = Debug|Any CPU
		{B167C41C-7975-4CE8-B18C-9811B501B47A}.Release|Any CPU.ActiveCfg = Release|Any CPU
		{B167C41C-7975-4CE8-B18C-9811B501B47A}.Release|Any CPU.Build.0 = Release|Any CPU
		{8DF9C6A0-DAEB-4FF4-A448-567F3C5E0D93}.Debug|Any CPU.ActiveCfg = Debug|Any CPU
		{8DF9C6A0-DAEB-4FF4-A448-567F3C5E0D93}.Debug|Any CPU.Build.0 = Debug|Any CPU
		{8DF9C6A0-DAEB-4FF4-A448-567F3C5E0D93}.Release|Any CPU.ActiveCfg = Release|Any CPU
		{8DF9C6A0-DAEB-4FF4-A448-567F3C5E0D93}.Release|Any CPU.Build.0 = Release|Any CPU
		{05710478-D6E0-4DA9-9CB5-981EFF53D895}.Debug|Any CPU.ActiveCfg = Debug|Any CPU
		{05710478-D6E0-4DA9-9CB5-981EFF53D895}.Debug|Any CPU.Build.0 = Debug|Any CPU
		{05710478-D6E0-4DA9-9CB5-981EFF53D895}.Release|Any CPU.ActiveCfg = Release|Any CPU
		{05710478-D6E0-4DA9-9CB5-981EFF53D895}.Release|Any CPU.Build.0 = Release|Any CPU
		{96A3DD00-0C00-474E-B1E5-B1B3C68BB2A5}.Debug|Any CPU.ActiveCfg = Debug|Any CPU
		{96A3DD00-0C00-474E-B1E5-B1B3C68BB2A5}.Debug|Any CPU.Build.0 = Debug|Any CPU
		{96A3DD00-0C00-474E-B1E5-B1B3C68BB2A5}.Release|Any CPU.ActiveCfg = Release|Any CPU
		{96A3DD00-0C00-474E-B1E5-B1B3C68BB2A5}.Release|Any CPU.Build.0 = Release|Any CPU
		{7460F133-EE5A-40CA-AEFA-84D2E756B79B}.Debug|Any CPU.ActiveCfg = Debug|Any CPU
		{7460F133-EE5A-40CA-AEFA-84D2E756B79B}.Debug|Any CPU.Build.0 = Debug|Any CPU
		{7460F133-EE5A-40CA-AEFA-84D2E756B79B}.Release|Any CPU.ActiveCfg = Release|Any CPU
		{7460F133-EE5A-40CA-AEFA-84D2E756B79B}.Release|Any CPU.Build.0 = Release|Any CPU
		{A4292664-984A-44AF-896F-1EDEF5028BA0}.Debug|Any CPU.ActiveCfg = Debug|Any CPU
		{A4292664-984A-44AF-896F-1EDEF5028BA0}.Debug|Any CPU.Build.0 = Debug|Any CPU
		{A4292664-984A-44AF-896F-1EDEF5028BA0}.Release|Any CPU.ActiveCfg = Release|Any CPU
		{A4292664-984A-44AF-896F-1EDEF5028BA0}.Release|Any CPU.Build.0 = Release|Any CPU
		{112AD881-6B23-47A4-B0C6-B0C84BB9B663}.Debug|Any CPU.ActiveCfg = Debug|Any CPU
		{112AD881-6B23-47A4-B0C6-B0C84BB9B663}.Debug|Any CPU.Build.0 = Debug|Any CPU
		{112AD881-6B23-47A4-B0C6-B0C84BB9B663}.Release|Any CPU.ActiveCfg = Release|Any CPU
		{112AD881-6B23-47A4-B0C6-B0C84BB9B663}.Release|Any CPU.Build.0 = Release|Any CPU
		{7A5D651A-7ACD-4EE1-B3A1-139822282B35}.Debug|Any CPU.ActiveCfg = Debug|Any CPU
		{7A5D651A-7ACD-4EE1-B3A1-139822282B35}.Debug|Any CPU.Build.0 = Debug|Any CPU
		{7A5D651A-7ACD-4EE1-B3A1-139822282B35}.Release|Any CPU.ActiveCfg = Release|Any CPU
		{7A5D651A-7ACD-4EE1-B3A1-139822282B35}.Release|Any CPU.Build.0 = Release|Any CPU
		{9A2F5600-EF8E-4E49-90E5-FD6CDE928E8E}.Debug|Any CPU.ActiveCfg = Debug|Any CPU
		{9A2F5600-EF8E-4E49-90E5-FD6CDE928E8E}.Debug|Any CPU.Build.0 = Debug|Any CPU
		{9A2F5600-EF8E-4E49-90E5-FD6CDE928E8E}.Release|Any CPU.ActiveCfg = Release|Any CPU
		{9A2F5600-EF8E-4E49-90E5-FD6CDE928E8E}.Release|Any CPU.Build.0 = Release|Any CPU
	EndGlobalSection
	GlobalSection(SolutionProperties) = preSolution
		HideSolutionNode = FALSE
	EndGlobalSection
	GlobalSection(ExtensibilityGlobals) = postSolution
		SolutionGuid = {FB02A369-E88D-43B1-B780-54889DD73186}
	EndGlobalSection
EndGlobal
